// !$*UTF8*$!
{
	archiveVersion = 1;
	classes = {
	};
	objectVersion = 48;
	objects = {

/* Begin PBXBuildFile section */
		DC119ECE204ABFA00035ED8F /* SensorOutput.swift in Sources */ = {isa = PBXBuildFile; fileRef = DC119ECD204ABFA00035ED8F /* SensorOutput.swift */; };
		DC23343E204386E900232A8A /* DataCollector.xcdatamodeld in Sources */ = {isa = PBXBuildFile; fileRef = DC23343C204386E900232A8A /* DataCollector.xcdatamodeld */; };
		DC23B877207BDE5600CC813F /* SensorOutput.swift in Sources */ = {isa = PBXBuildFile; fileRef = DC119ECD204ABFA00035ED8F /* SensorOutput.swift */; };
		DC39DF5E2071FE0200B34F13 /* Interface.storyboard in Resources */ = {isa = PBXBuildFile; fileRef = DC39DF5C2071FE0200B34F13 /* Interface.storyboard */; };
		DC39DF602071FE0200B34F13 /* Assets.xcassets in Resources */ = {isa = PBXBuildFile; fileRef = DC39DF5F2071FE0200B34F13 /* Assets.xcassets */; };
		DC39DF672071FE0200B34F13 /* MotionCollectorWatch Extension.appex in Embed App Extensions */ = {isa = PBXBuildFile; fileRef = DC39DF662071FE0200B34F13 /* MotionCollectorWatch Extension.appex */; settings = {ATTRIBUTES = (RemoveHeadersOnCopy, ); }; };
		DC39DF6C2071FE0200B34F13 /* MainIC.swift in Sources */ = {isa = PBXBuildFile; fileRef = DC39DF6B2071FE0200B34F13 /* MainIC.swift */; };
		DC39DF6E2071FE0200B34F13 /* ExtensionDelegate.swift in Sources */ = {isa = PBXBuildFile; fileRef = DC39DF6D2071FE0200B34F13 /* ExtensionDelegate.swift */; };
		DC39DF702071FE0200B34F13 /* NotificationController.swift in Sources */ = {isa = PBXBuildFile; fileRef = DC39DF6F2071FE0200B34F13 /* NotificationController.swift */; };
		DC39DF722071FE0200B34F13 /* ComplicationController.swift in Sources */ = {isa = PBXBuildFile; fileRef = DC39DF712071FE0200B34F13 /* ComplicationController.swift */; };
		DC39DF742071FE0200B34F13 /* Assets.xcassets in Resources */ = {isa = PBXBuildFile; fileRef = DC39DF732071FE0200B34F13 /* Assets.xcassets */; };
		DC39DF792071FE0200B34F13 /* MotionCollectorWatch.app in Embed Watch Content */ = {isa = PBXBuildFile; fileRef = DC39DF5A2071FE0100B34F13 /* MotionCollectorWatch.app */; };
		DC5A98702077D63C004A373C /* SessionsRow.swift in Sources */ = {isa = PBXBuildFile; fileRef = DC5A986F2077D63C004A373C /* SessionsRow.swift */; };
		DC646AC120880BC100421F97 /* HealthKit.framework in Frameworks */ = {isa = PBXBuildFile; fileRef = DC646AC020880BC100421F97 /* HealthKit.framework */; };
		DC646AC320880BDF00421F97 /* HealthKit.framework in Frameworks */ = {isa = PBXBuildFile; fileRef = DC646AC220880BDF00421F97 /* HealthKit.framework */; };
		DC972306204150C0002047EF /* ItemSessionSessionCell.swift in Sources */ = {isa = PBXBuildFile; fileRef = DC972305204150C0002047EF /* ItemSessionSessionCell.swift */; };
		DCA52D7F2046A7F00011AA74 /* RoundButton.swift in Sources */ = {isa = PBXBuildFile; fileRef = DCA52D7E2046A7F00011AA74 /* RoundButton.swift */; };
		DCB7BBF1203A5688001F1E9F /* AppDelegate.swift in Sources */ = {isa = PBXBuildFile; fileRef = DCB7BBF0203A5688001F1E9F /* AppDelegate.swift */; };
		DCB7BBF3203A5688001F1E9F /* CollectingDataVC.swift in Sources */ = {isa = PBXBuildFile; fileRef = DCB7BBF2203A5688001F1E9F /* CollectingDataVC.swift */; };
		DCB7BBF6203A5688001F1E9F /* Main.storyboard in Resources */ = {isa = PBXBuildFile; fileRef = DCB7BBF4203A5688001F1E9F /* Main.storyboard */; };
		DCB7BBFB203A5688001F1E9F /* Assets.xcassets in Resources */ = {isa = PBXBuildFile; fileRef = DCB7BBFA203A5688001F1E9F /* Assets.xcassets */; };
		DCB7BBFE203A5688001F1E9F /* LaunchScreen.storyboard in Resources */ = {isa = PBXBuildFile; fileRef = DCB7BBFC203A5688001F1E9F /* LaunchScreen.storyboard */; };
		DCB7BC0C203A6321001F1E9F /* ExportDataVC.swift in Sources */ = {isa = PBXBuildFile; fileRef = DCB7BC0B203A6321001F1E9F /* ExportDataVC.swift */; };
		DCE4CC65206E0A620043180A /* RecordIDVC.swift in Sources */ = {isa = PBXBuildFile; fileRef = DCE4CC64206E0A620043180A /* RecordIDVC.swift */; };
		DCE4CC67206E1D750043180A /* SessionIDCell.swift in Sources */ = {isa = PBXBuildFile; fileRef = DCE4CC66206E1D750043180A /* SessionIDCell.swift */; };
		DCF06E6F204D683400B776E4 /* SensorData+CoreDataClass.swift in Sources */ = {isa = PBXBuildFile; fileRef = DCF06E67204D683400B776E4 /* SensorData+CoreDataClass.swift */; };
		DCF06E70204D683400B776E4 /* SensorData+CoreDataProperties.swift in Sources */ = {isa = PBXBuildFile; fileRef = DCF06E68204D683400B776E4 /* SensorData+CoreDataProperties.swift */; };
		DCF06E71204D683400B776E4 /* Session+CoreDataClass.swift in Sources */ = {isa = PBXBuildFile; fileRef = DCF06E69204D683400B776E4 /* Session+CoreDataClass.swift */; };
		DCF06E72204D683400B776E4 /* Session+CoreDataProperties.swift in Sources */ = {isa = PBXBuildFile; fileRef = DCF06E6A204D683400B776E4 /* Session+CoreDataProperties.swift */; };
		DCF06E73204D683400B776E4 /* Characteristic+CoreDataClass.swift in Sources */ = {isa = PBXBuildFile; fileRef = DCF06E6B204D683400B776E4 /* Characteristic+CoreDataClass.swift */; };
		DCF06E74204D683400B776E4 /* Characteristic+CoreDataProperties.swift in Sources */ = {isa = PBXBuildFile; fileRef = DCF06E6C204D683400B776E4 /* Characteristic+CoreDataProperties.swift */; };
		DCF06E75204D683400B776E4 /* CharacteristicName+CoreDataClass.swift in Sources */ = {isa = PBXBuildFile; fileRef = DCF06E6D204D683400B776E4 /* CharacteristicName+CoreDataClass.swift */; };
		DCF06E76204D683400B776E4 /* CharacteristicName+CoreDataProperties.swift in Sources */ = {isa = PBXBuildFile; fileRef = DCF06E6E204D683400B776E4 /* CharacteristicName+CoreDataProperties.swift */; };
		DCF103EE2046BB17005B63C5 /* SettingsTableVC.swift in Sources */ = {isa = PBXBuildFile; fileRef = DCF103ED2046BB17005B63C5 /* SettingsTableVC.swift */; };
/* End PBXBuildFile section */

/* Begin PBXContainerItemProxy section */
		DC39DF682071FE0200B34F13 /* PBXContainerItemProxy */ = {
			isa = PBXContainerItemProxy;
			containerPortal = DCB7BBE5203A5688001F1E9F /* Project object */;
			proxyType = 1;
			remoteGlobalIDString = DC39DF652071FE0200B34F13;
			remoteInfo = "MotionCollectorWatch Extension";
		};
		DC39DF772071FE0200B34F13 /* PBXContainerItemProxy */ = {
			isa = PBXContainerItemProxy;
			containerPortal = DCB7BBE5203A5688001F1E9F /* Project object */;
			proxyType = 1;
			remoteGlobalIDString = DC39DF592071FE0100B34F13;
			remoteInfo = MotionCollectorWatch;
		};
/* End PBXContainerItemProxy section */

/* Begin PBXCopyFilesBuildPhase section */
		DC39DF7F2071FE0200B34F13 /* Embed App Extensions */ = {
			isa = PBXCopyFilesBuildPhase;
			buildActionMask = 2147483647;
			dstPath = "";
			dstSubfolderSpec = 13;
			files = (
				DC39DF672071FE0200B34F13 /* MotionCollectorWatch Extension.appex in Embed App Extensions */,
			);
			name = "Embed App Extensions";
			runOnlyForDeploymentPostprocessing = 0;
		};
		DC39DF812071FE0200B34F13 /* Embed Watch Content */ = {
			isa = PBXCopyFilesBuildPhase;
			buildActionMask = 2147483647;
			dstPath = "$(CONTENTS_FOLDER_PATH)/Watch";
			dstSubfolderSpec = 16;
			files = (
				DC39DF792071FE0200B34F13 /* MotionCollectorWatch.app in Embed Watch Content */,
			);
			name = "Embed Watch Content";
			runOnlyForDeploymentPostprocessing = 0;
		};
/* End PBXCopyFilesBuildPhase section */

/* Begin PBXFileReference section */
		DC119ECD204ABFA00035ED8F /* SensorOutput.swift */ = {isa = PBXFileReference; lastKnownFileType = sourcecode.swift; path = SensorOutput.swift; sourceTree = "<group>"; };
		DC23343D204386E900232A8A /* DataCollector.xcdatamodel */ = {isa = PBXFileReference; lastKnownFileType = wrapper.xcdatamodel; path = DataCollector.xcdatamodel; sourceTree = "<group>"; };
		DC39DF5A2071FE0100B34F13 /* MotionCollectorWatch.app */ = {isa = PBXFileReference; explicitFileType = wrapper.application; includeInIndex = 0; path = MotionCollectorWatch.app; sourceTree = BUILT_PRODUCTS_DIR; };
		DC39DF5D2071FE0200B34F13 /* Base */ = {isa = PBXFileReference; lastKnownFileType = file.storyboard; name = Base; path = Base.lproj/Interface.storyboard; sourceTree = "<group>"; };
		DC39DF5F2071FE0200B34F13 /* Assets.xcassets */ = {isa = PBXFileReference; lastKnownFileType = folder.assetcatalog; path = Assets.xcassets; sourceTree = "<group>"; };
		DC39DF612071FE0200B34F13 /* Info.plist */ = {isa = PBXFileReference; lastKnownFileType = text.plist.xml; path = Info.plist; sourceTree = "<group>"; };
		DC39DF662071FE0200B34F13 /* MotionCollectorWatch Extension.appex */ = {isa = PBXFileReference; explicitFileType = "wrapper.app-extension"; includeInIndex = 0; path = "MotionCollectorWatch Extension.appex"; sourceTree = BUILT_PRODUCTS_DIR; };
		DC39DF6B2071FE0200B34F13 /* MainIC.swift */ = {isa = PBXFileReference; lastKnownFileType = sourcecode.swift; path = MainIC.swift; sourceTree = "<group>"; };
		DC39DF6D2071FE0200B34F13 /* ExtensionDelegate.swift */ = {isa = PBXFileReference; lastKnownFileType = sourcecode.swift; path = ExtensionDelegate.swift; sourceTree = "<group>"; };
		DC39DF6F2071FE0200B34F13 /* NotificationController.swift */ = {isa = PBXFileReference; lastKnownFileType = sourcecode.swift; path = NotificationController.swift; sourceTree = "<group>"; };
		DC39DF712071FE0200B34F13 /* ComplicationController.swift */ = {isa = PBXFileReference; lastKnownFileType = sourcecode.swift; path = ComplicationController.swift; sourceTree = "<group>"; };
		DC39DF732071FE0200B34F13 /* Assets.xcassets */ = {isa = PBXFileReference; lastKnownFileType = folder.assetcatalog; path = Assets.xcassets; sourceTree = "<group>"; };
		DC39DF752071FE0200B34F13 /* Info.plist */ = {isa = PBXFileReference; lastKnownFileType = text.plist.xml; path = Info.plist; sourceTree = "<group>"; };
		DC39DF762071FE0200B34F13 /* PushNotificationPayload.apns */ = {isa = PBXFileReference; lastKnownFileType = text; path = PushNotificationPayload.apns; sourceTree = "<group>"; };
		DC5A986F2077D63C004A373C /* SessionsRow.swift */ = {isa = PBXFileReference; lastKnownFileType = sourcecode.swift; path = SessionsRow.swift; sourceTree = "<group>"; };
		DC646ABE20880BC100421F97 /* MotionCollectorWatch Extension.entitlements */ = {isa = PBXFileReference; lastKnownFileType = text.plist.entitlements; path = "MotionCollectorWatch Extension.entitlements"; sourceTree = "<group>"; };
		DC646AC020880BC100421F97 /* HealthKit.framework */ = {isa = PBXFileReference; lastKnownFileType = wrapper.framework; name = HealthKit.framework; path = Platforms/WatchOS.platform/Developer/SDKs/WatchOS4.3.sdk/System/Library/Frameworks/HealthKit.framework; sourceTree = DEVELOPER_DIR; };
		DC646AC220880BDF00421F97 /* HealthKit.framework */ = {isa = PBXFileReference; lastKnownFileType = wrapper.framework; name = HealthKit.framework; path = System/Library/Frameworks/HealthKit.framework; sourceTree = SDKROOT; };
		DC646AC420880BDF00421F97 /* MotionCollector.entitlements */ = {isa = PBXFileReference; lastKnownFileType = text.plist.entitlements; path = MotionCollector.entitlements; sourceTree = "<group>"; };
		DC972305204150C0002047EF /* ItemSessionSessionCell.swift */ = {isa = PBXFileReference; lastKnownFileType = sourcecode.swift; path = ItemSessionSessionCell.swift; sourceTree = "<group>"; };
		DCA52D7E2046A7F00011AA74 /* RoundButton.swift */ = {isa = PBXFileReference; lastKnownFileType = sourcecode.swift; path = RoundButton.swift; sourceTree = "<group>"; };
		DCB7BBED203A5688001F1E9F /* MotionCollector.app */ = {isa = PBXFileReference; explicitFileType = wrapper.application; includeInIndex = 0; path = MotionCollector.app; sourceTree = BUILT_PRODUCTS_DIR; };
		DCB7BBF0203A5688001F1E9F /* AppDelegate.swift */ = {isa = PBXFileReference; lastKnownFileType = sourcecode.swift; path = AppDelegate.swift; sourceTree = "<group>"; };
		DCB7BBF2203A5688001F1E9F /* CollectingDataVC.swift */ = {isa = PBXFileReference; lastKnownFileType = sourcecode.swift; path = CollectingDataVC.swift; sourceTree = "<group>"; };
		DCB7BBF5203A5688001F1E9F /* Base */ = {isa = PBXFileReference; lastKnownFileType = file.storyboard; name = Base; path = Base.lproj/Main.storyboard; sourceTree = "<group>"; };
		DCB7BBFA203A5688001F1E9F /* Assets.xcassets */ = {isa = PBXFileReference; lastKnownFileType = folder.assetcatalog; path = Assets.xcassets; sourceTree = "<group>"; };
		DCB7BBFD203A5688001F1E9F /* Base */ = {isa = PBXFileReference; lastKnownFileType = file.storyboard; name = Base; path = Base.lproj/LaunchScreen.storyboard; sourceTree = "<group>"; };
		DCB7BBFF203A5688001F1E9F /* Info.plist */ = {isa = PBXFileReference; lastKnownFileType = text.plist.xml; path = Info.plist; sourceTree = "<group>"; };
		DCB7BC0B203A6321001F1E9F /* ExportDataVC.swift */ = {isa = PBXFileReference; lastKnownFileType = sourcecode.swift; path = ExportDataVC.swift; sourceTree = "<group>"; };
		DCE4CC64206E0A620043180A /* RecordIDVC.swift */ = {isa = PBXFileReference; lastKnownFileType = sourcecode.swift; path = RecordIDVC.swift; sourceTree = "<group>"; };
		DCE4CC66206E1D750043180A /* SessionIDCell.swift */ = {isa = PBXFileReference; lastKnownFileType = sourcecode.swift; path = SessionIDCell.swift; sourceTree = "<group>"; };
		DCF06E67204D683400B776E4 /* SensorData+CoreDataClass.swift */ = {isa = PBXFileReference; lastKnownFileType = sourcecode.swift; path = "SensorData+CoreDataClass.swift"; sourceTree = "<group>"; };
		DCF06E68204D683400B776E4 /* SensorData+CoreDataProperties.swift */ = {isa = PBXFileReference; lastKnownFileType = sourcecode.swift; path = "SensorData+CoreDataProperties.swift"; sourceTree = "<group>"; };
		DCF06E69204D683400B776E4 /* Session+CoreDataClass.swift */ = {isa = PBXFileReference; lastKnownFileType = sourcecode.swift; path = "Session+CoreDataClass.swift"; sourceTree = "<group>"; };
		DCF06E6A204D683400B776E4 /* Session+CoreDataProperties.swift */ = {isa = PBXFileReference; lastKnownFileType = sourcecode.swift; path = "Session+CoreDataProperties.swift"; sourceTree = "<group>"; };
		DCF06E6B204D683400B776E4 /* Characteristic+CoreDataClass.swift */ = {isa = PBXFileReference; lastKnownFileType = sourcecode.swift; path = "Characteristic+CoreDataClass.swift"; sourceTree = "<group>"; };
		DCF06E6C204D683400B776E4 /* Characteristic+CoreDataProperties.swift */ = {isa = PBXFileReference; lastKnownFileType = sourcecode.swift; path = "Characteristic+CoreDataProperties.swift"; sourceTree = "<group>"; };
		DCF06E6D204D683400B776E4 /* CharacteristicName+CoreDataClass.swift */ = {isa = PBXFileReference; lastKnownFileType = sourcecode.swift; path = "CharacteristicName+CoreDataClass.swift"; sourceTree = "<group>"; };
		DCF06E6E204D683400B776E4 /* CharacteristicName+CoreDataProperties.swift */ = {isa = PBXFileReference; lastKnownFileType = sourcecode.swift; path = "CharacteristicName+CoreDataProperties.swift"; sourceTree = "<group>"; };
		DCF103ED2046BB17005B63C5 /* SettingsTableVC.swift */ = {isa = PBXFileReference; lastKnownFileType = sourcecode.swift; path = SettingsTableVC.swift; sourceTree = "<group>"; };
/* End PBXFileReference section */

/* Begin PBXFrameworksBuildPhase section */
		DC39DF632071FE0200B34F13 /* Frameworks */ = {
			isa = PBXFrameworksBuildPhase;
			buildActionMask = 2147483647;
			files = (
				DC646AC120880BC100421F97 /* HealthKit.framework in Frameworks */,
			);
			runOnlyForDeploymentPostprocessing = 0;
		};
		DCB7BBEA203A5688001F1E9F /* Frameworks */ = {
			isa = PBXFrameworksBuildPhase;
			buildActionMask = 2147483647;
			files = (
				DC646AC320880BDF00421F97 /* HealthKit.framework in Frameworks */,
			);
			runOnlyForDeploymentPostprocessing = 0;
		};
/* End PBXFrameworksBuildPhase section */

/* Begin PBXGroup section */
		DC39DF5B2071FE0200B34F13 /* MotionCollectorWatch */ = {
			isa = PBXGroup;
			children = (
				DC39DF5C2071FE0200B34F13 /* Interface.storyboard */,
				DC39DF5F2071FE0200B34F13 /* Assets.xcassets */,
				DC39DF612071FE0200B34F13 /* Info.plist */,
			);
			path = MotionCollectorWatch;
			sourceTree = "<group>";
		};
		DC39DF6A2071FE0200B34F13 /* MotionCollectorWatch Extension */ = {
			isa = PBXGroup;
			children = (
				DC646ABE20880BC100421F97 /* MotionCollectorWatch Extension.entitlements */,
				DC39DF6B2071FE0200B34F13 /* MainIC.swift */,
				DC5A986F2077D63C004A373C /* SessionsRow.swift */,
				DC39DF6D2071FE0200B34F13 /* ExtensionDelegate.swift */,
				DC39DF6F2071FE0200B34F13 /* NotificationController.swift */,
				DC39DF712071FE0200B34F13 /* ComplicationController.swift */,
				DC39DF732071FE0200B34F13 /* Assets.xcassets */,
				DC39DF752071FE0200B34F13 /* Info.plist */,
				DC39DF762071FE0200B34F13 /* PushNotificationPayload.apns */,
			);
			path = "MotionCollectorWatch Extension";
			sourceTree = "<group>";
		};
		DC646ABF20880BC100421F97 /* Frameworks */ = {
			isa = PBXGroup;
			children = (
				DC646AC220880BDF00421F97 /* HealthKit.framework */,
				DC646AC020880BC100421F97 /* HealthKit.framework */,
			);
			name = Frameworks;
			sourceTree = "<group>";
		};
		DC9722F020414B94002047EF /* Generated */ = {
			isa = PBXGroup;
			children = (
				DCF06E68204D683400B776E4 /* SensorData+CoreDataProperties.swift */,
				DCF06E6A204D683400B776E4 /* Session+CoreDataProperties.swift */,
				DCF06E6C204D683400B776E4 /* Characteristic+CoreDataProperties.swift */,
				DCF06E6E204D683400B776E4 /* CharacteristicName+CoreDataProperties.swift */,
			);
			path = Generated;
			sourceTree = "<group>";
		};
		DCB7BBE4203A5688001F1E9F = {
			isa = PBXGroup;
			children = (
				DCB7BBEF203A5688001F1E9F /* MotionCollector */,
				DC39DF5B2071FE0200B34F13 /* MotionCollectorWatch */,
				DC39DF6A2071FE0200B34F13 /* MotionCollectorWatch Extension */,
				DCB7BBEE203A5688001F1E9F /* Products */,
				DC646ABF20880BC100421F97 /* Frameworks */,
			);
			sourceTree = "<group>";
		};
		DCB7BBEE203A5688001F1E9F /* Products */ = {
			isa = PBXGroup;
			children = (
				DCB7BBED203A5688001F1E9F /* MotionCollector.app */,
				DC39DF5A2071FE0100B34F13 /* MotionCollectorWatch.app */,
				DC39DF662071FE0200B34F13 /* MotionCollectorWatch Extension.appex */,
			);
			name = Products;
			sourceTree = "<group>";
		};
		DCB7BBEF203A5688001F1E9F /* MotionCollector */ = {
			isa = PBXGroup;
			children = (
				DC646AC420880BDF00421F97 /* MotionCollector.entitlements */,
				DCB7BC08203A58C5001F1E9F /* Sources */,
				DCB7BC05203A582F001F1E9F /* Model */,
				DCB7BC06203A5839001F1E9F /* View */,
				DCB7BC07203A5857001F1E9F /* Controller */,
			);
			path = MotionCollector;
			sourceTree = "<group>";
		};
		DCB7BC05203A582F001F1E9F /* Model */ = {
			isa = PBXGroup;
			children = (
				DC119ECD204ABFA00035ED8F /* SensorOutput.swift */,
				DCF06E67204D683400B776E4 /* SensorData+CoreDataClass.swift */,
				DCF06E69204D683400B776E4 /* Session+CoreDataClass.swift */,
				DCF06E6B204D683400B776E4 /* Characteristic+CoreDataClass.swift */,
				DCF06E6D204D683400B776E4 /* CharacteristicName+CoreDataClass.swift */,
				DC23343C204386E900232A8A /* DataCollector.xcdatamodeld */,
				DC9722F020414B94002047EF /* Generated */,
			);
			path = Model;
			sourceTree = "<group>";
		};
		DCB7BC06203A5839001F1E9F /* View */ = {
			isa = PBXGroup;
			children = (
				DCA52D7E2046A7F00011AA74 /* RoundButton.swift */,
				DC972305204150C0002047EF /* ItemSessionSessionCell.swift */,
				DCE4CC66206E1D750043180A /* SessionIDCell.swift */,
				DCB7BBF4203A5688001F1E9F /* Main.storyboard */,
				DCB7BBFC203A5688001F1E9F /* LaunchScreen.storyboard */,
			);
			path = View;
			sourceTree = "<group>";
		};
		DCB7BC07203A5857001F1E9F /* Controller */ = {
			isa = PBXGroup;
			children = (
				DCB7BBF2203A5688001F1E9F /* CollectingDataVC.swift */,
				DCF103ED2046BB17005B63C5 /* SettingsTableVC.swift */,
				DCE4CC64206E0A620043180A /* RecordIDVC.swift */,
				DCB7BC0B203A6321001F1E9F /* ExportDataVC.swift */,
				DCB7BBF0203A5688001F1E9F /* AppDelegate.swift */,
			);
			path = Controller;
			sourceTree = "<group>";
		};
		DCB7BC08203A58C5001F1E9F /* Sources */ = {
			isa = PBXGroup;
			children = (
				DCB7BBFF203A5688001F1E9F /* Info.plist */,
				DCB7BBFA203A5688001F1E9F /* Assets.xcassets */,
			);
			path = Sources;
			sourceTree = "<group>";
		};
/* End PBXGroup section */

/* Begin PBXNativeTarget section */
		DC39DF592071FE0100B34F13 /* MotionCollectorWatch */ = {
			isa = PBXNativeTarget;
			buildConfigurationList = DC39DF802071FE0200B34F13 /* Build configuration list for PBXNativeTarget "MotionCollectorWatch" */;
			buildPhases = (
				DC39DF582071FE0100B34F13 /* Resources */,
				DC39DF7F2071FE0200B34F13 /* Embed App Extensions */,
			);
			buildRules = (
			);
			dependencies = (
				DC39DF692071FE0200B34F13 /* PBXTargetDependency */,
			);
			name = MotionCollectorWatch;
			productName = MotionCollectorWatch;
			productReference = DC39DF5A2071FE0100B34F13 /* MotionCollectorWatch.app */;
			productType = "com.apple.product-type.application.watchapp2";
		};
		DC39DF652071FE0200B34F13 /* MotionCollectorWatch Extension */ = {
			isa = PBXNativeTarget;
			buildConfigurationList = DC39DF7E2071FE0200B34F13 /* Build configuration list for PBXNativeTarget "MotionCollectorWatch Extension" */;
			buildPhases = (
				DC39DF622071FE0200B34F13 /* Sources */,
				DC39DF632071FE0200B34F13 /* Frameworks */,
				DC39DF642071FE0200B34F13 /* Resources */,
			);
			buildRules = (
			);
			dependencies = (
			);
			name = "MotionCollectorWatch Extension";
			productName = "MotionCollectorWatch Extension";
			productReference = DC39DF662071FE0200B34F13 /* MotionCollectorWatch Extension.appex */;
			productType = "com.apple.product-type.watchkit2-extension";
		};
		DCB7BBEC203A5688001F1E9F /* MotionCollector */ = {
			isa = PBXNativeTarget;
			buildConfigurationList = DCB7BC02203A5688001F1E9F /* Build configuration list for PBXNativeTarget "MotionCollector" */;
			buildPhases = (
				DCB7BBE9203A5688001F1E9F /* Sources */,
				DCB7BBEA203A5688001F1E9F /* Frameworks */,
				DCB7BBEB203A5688001F1E9F /* Resources */,
				DC39DF812071FE0200B34F13 /* Embed Watch Content */,
			);
			buildRules = (
			);
			dependencies = (
				DC39DF782071FE0200B34F13 /* PBXTargetDependency */,
			);
			name = MotionCollector;
			productName = DataCollector;
			productReference = DCB7BBED203A5688001F1E9F /* MotionCollector.app */;
			productType = "com.apple.product-type.application";
		};
/* End PBXNativeTarget section */

/* Begin PBXProject section */
		DCB7BBE5203A5688001F1E9F /* Project object */ = {
			isa = PBXProject;
			attributes = {
				LastSwiftUpdateCheck = 0920;
				LastUpgradeCheck = 0930;
				ORGANIZATIONNAME = "Aleksei Degtiarev";
				TargetAttributes = {
					DC39DF592071FE0100B34F13 = {
						CreatedOnToolsVersion = 9.2;
						ProvisioningStyle = Automatic;
					};
					DC39DF652071FE0200B34F13 = {
						CreatedOnToolsVersion = 9.2;
						ProvisioningStyle = Automatic;
						SystemCapabilities = {
							com.apple.BackgroundModes.watchos.extension = {
								enabled = 1;
							};
							com.apple.HealthKit.watchos = {
								enabled = 1;
							};
						};
					};
					DCB7BBEC203A5688001F1E9F = {
						CreatedOnToolsVersion = 9.2;
						ProvisioningStyle = Automatic;
						SystemCapabilities = {
							com.apple.HealthKit = {
								enabled = 1;
							};
						};
					};
				};
			};
			buildConfigurationList = DCB7BBE8203A5688001F1E9F /* Build configuration list for PBXProject "MotionCollector" */;
			compatibilityVersion = "Xcode 8.0";
			developmentRegion = en;
			hasScannedForEncodings = 0;
			knownRegions = (
				en,
				Base,
			);
			mainGroup = DCB7BBE4203A5688001F1E9F;
			productRefGroup = DCB7BBEE203A5688001F1E9F /* Products */;
			projectDirPath = "";
			projectRoot = "";
			targets = (
				DCB7BBEC203A5688001F1E9F /* MotionCollector */,
				DC39DF592071FE0100B34F13 /* MotionCollectorWatch */,
				DC39DF652071FE0200B34F13 /* MotionCollectorWatch Extension */,
			);
		};
/* End PBXProject section */

/* Begin PBXResourcesBuildPhase section */
		DC39DF582071FE0100B34F13 /* Resources */ = {
			isa = PBXResourcesBuildPhase;
			buildActionMask = 2147483647;
			files = (
				DC39DF602071FE0200B34F13 /* Assets.xcassets in Resources */,
				DC39DF5E2071FE0200B34F13 /* Interface.storyboard in Resources */,
			);
			runOnlyForDeploymentPostprocessing = 0;
		};
		DC39DF642071FE0200B34F13 /* Resources */ = {
			isa = PBXResourcesBuildPhase;
			buildActionMask = 2147483647;
			files = (
				DC39DF742071FE0200B34F13 /* Assets.xcassets in Resources */,
			);
			runOnlyForDeploymentPostprocessing = 0;
		};
		DCB7BBEB203A5688001F1E9F /* Resources */ = {
			isa = PBXResourcesBuildPhase;
			buildActionMask = 2147483647;
			files = (
				DCB7BBFE203A5688001F1E9F /* LaunchScreen.storyboard in Resources */,
				DCB7BBFB203A5688001F1E9F /* Assets.xcassets in Resources */,
				DCB7BBF6203A5688001F1E9F /* Main.storyboard in Resources */,
			);
			runOnlyForDeploymentPostprocessing = 0;
		};
/* End PBXResourcesBuildPhase section */

/* Begin PBXSourcesBuildPhase section */
		DC39DF622071FE0200B34F13 /* Sources */ = {
			isa = PBXSourcesBuildPhase;
			buildActionMask = 2147483647;
			files = (
				DC39DF702071FE0200B34F13 /* NotificationController.swift in Sources */,
				DC39DF722071FE0200B34F13 /* ComplicationController.swift in Sources */,
				DC39DF6E2071FE0200B34F13 /* ExtensionDelegate.swift in Sources */,
				DC39DF6C2071FE0200B34F13 /* MainIC.swift in Sources */,
				DC23B877207BDE5600CC813F /* SensorOutput.swift in Sources */,
				DC5A98702077D63C004A373C /* SessionsRow.swift in Sources */,
			);
			runOnlyForDeploymentPostprocessing = 0;
		};
		DCB7BBE9203A5688001F1E9F /* Sources */ = {
			isa = PBXSourcesBuildPhase;
			buildActionMask = 2147483647;
			files = (
				DCF06E72204D683400B776E4 /* Session+CoreDataProperties.swift in Sources */,
				DCB7BC0C203A6321001F1E9F /* ExportDataVC.swift in Sources */,
				DC972306204150C0002047EF /* ItemSessionSessionCell.swift in Sources */,
				DCE4CC65206E0A620043180A /* RecordIDVC.swift in Sources */,
				DCF06E73204D683400B776E4 /* Characteristic+CoreDataClass.swift in Sources */,
				DCF103EE2046BB17005B63C5 /* SettingsTableVC.swift in Sources */,
				DC119ECE204ABFA00035ED8F /* SensorOutput.swift in Sources */,
				DC23343E204386E900232A8A /* DataCollector.xcdatamodeld in Sources */,
				DCF06E70204D683400B776E4 /* SensorData+CoreDataProperties.swift in Sources */,
				DCB7BBF3203A5688001F1E9F /* CollectingDataVC.swift in Sources */,
				DCF06E75204D683400B776E4 /* CharacteristicName+CoreDataClass.swift in Sources */,
				DCE4CC67206E1D750043180A /* SessionIDCell.swift in Sources */,
				DCB7BBF1203A5688001F1E9F /* AppDelegate.swift in Sources */,
				DCF06E76204D683400B776E4 /* CharacteristicName+CoreDataProperties.swift in Sources */,
				DCF06E6F204D683400B776E4 /* SensorData+CoreDataClass.swift in Sources */,
				DCA52D7F2046A7F00011AA74 /* RoundButton.swift in Sources */,
				DCF06E74204D683400B776E4 /* Characteristic+CoreDataProperties.swift in Sources */,
				DCF06E71204D683400B776E4 /* Session+CoreDataClass.swift in Sources */,
			);
			runOnlyForDeploymentPostprocessing = 0;
		};
/* End PBXSourcesBuildPhase section */

/* Begin PBXTargetDependency section */
		DC39DF692071FE0200B34F13 /* PBXTargetDependency */ = {
			isa = PBXTargetDependency;
			target = DC39DF652071FE0200B34F13 /* MotionCollectorWatch Extension */;
			targetProxy = DC39DF682071FE0200B34F13 /* PBXContainerItemProxy */;
		};
		DC39DF782071FE0200B34F13 /* PBXTargetDependency */ = {
			isa = PBXTargetDependency;
			target = DC39DF592071FE0100B34F13 /* MotionCollectorWatch */;
			targetProxy = DC39DF772071FE0200B34F13 /* PBXContainerItemProxy */;
		};
/* End PBXTargetDependency section */

/* Begin PBXVariantGroup section */
		DC39DF5C2071FE0200B34F13 /* Interface.storyboard */ = {
			isa = PBXVariantGroup;
			children = (
				DC39DF5D2071FE0200B34F13 /* Base */,
			);
			name = Interface.storyboard;
			sourceTree = "<group>";
		};
		DCB7BBF4203A5688001F1E9F /* Main.storyboard */ = {
			isa = PBXVariantGroup;
			children = (
				DCB7BBF5203A5688001F1E9F /* Base */,
			);
			name = Main.storyboard;
			sourceTree = "<group>";
		};
		DCB7BBFC203A5688001F1E9F /* LaunchScreen.storyboard */ = {
			isa = PBXVariantGroup;
			children = (
				DCB7BBFD203A5688001F1E9F /* Base */,
			);
			name = LaunchScreen.storyboard;
			sourceTree = "<group>";
		};
/* End PBXVariantGroup section */

/* Begin XCBuildConfiguration section */
		DC39DF7A2071FE0200B34F13 /* Debug */ = {
			isa = XCBuildConfiguration;
			buildSettings = {
				ALWAYS_EMBED_SWIFT_STANDARD_LIBRARIES = YES;
				ASSETCATALOG_COMPILER_APPICON_NAME = AppIcon;
				CODE_SIGN_STYLE = Automatic;
				DEVELOPMENT_TEAM = F2X9TX4X64;
				IBSC_MODULE = MotionCollectorWatch_Extension;
				INFOPLIST_FILE = MotionCollectorWatch/Info.plist;
				PRODUCT_BUNDLE_IDENTIFIER = delexa1.MotionCollector.watchkitapp;
				PRODUCT_NAME = "$(TARGET_NAME)";
				SDKROOT = watchos;
				SKIP_INSTALL = YES;
				SWIFT_VERSION = 4.0;
				TARGETED_DEVICE_FAMILY = 4;
				WATCHOS_DEPLOYMENT_TARGET = 4.3;
			};
			name = Debug;
		};
		DC39DF7B2071FE0200B34F13 /* Release */ = {
			isa = XCBuildConfiguration;
			buildSettings = {
				ALWAYS_EMBED_SWIFT_STANDARD_LIBRARIES = YES;
				ASSETCATALOG_COMPILER_APPICON_NAME = AppIcon;
				CODE_SIGN_STYLE = Automatic;
				DEVELOPMENT_TEAM = F2X9TX4X64;
				IBSC_MODULE = MotionCollectorWatch_Extension;
				INFOPLIST_FILE = MotionCollectorWatch/Info.plist;
				PRODUCT_BUNDLE_IDENTIFIER = delexa1.MotionCollector.watchkitapp;
				PRODUCT_NAME = "$(TARGET_NAME)";
				SDKROOT = watchos;
				SKIP_INSTALL = YES;
				SWIFT_VERSION = 4.0;
				TARGETED_DEVICE_FAMILY = 4;
				WATCHOS_DEPLOYMENT_TARGET = 4.3;
			};
			name = Release;
		};
		DC39DF7C2071FE0200B34F13 /* Debug */ = {
			isa = XCBuildConfiguration;
			buildSettings = {
				ASSETCATALOG_COMPILER_COMPLICATION_NAME = Complication;
				CODE_SIGN_ENTITLEMENTS = "MotionCollectorWatch Extension/MotionCollectorWatch Extension.entitlements";
				CODE_SIGN_STYLE = Automatic;
				DEVELOPMENT_TEAM = F2X9TX4X64;
				INFOPLIST_FILE = "MotionCollectorWatch Extension/Info.plist";
				LD_RUNPATH_SEARCH_PATHS = "$(inherited) @executable_path/Frameworks @executable_path/../../Frameworks";
				PRODUCT_BUNDLE_IDENTIFIER = delexa1.MotionCollector.watchkitapp.watchkitextension;
				PRODUCT_NAME = "${TARGET_NAME}";
				SDKROOT = watchos;
				SKIP_INSTALL = YES;
				SWIFT_VERSION = 4.0;
				TARGETED_DEVICE_FAMILY = 4;
				WATCHOS_DEPLOYMENT_TARGET = 4.3;
			};
			name = Debug;
		};
		DC39DF7D2071FE0200B34F13 /* Release */ = {
			isa = XCBuildConfiguration;
			buildSettings = {
				ASSETCATALOG_COMPILER_COMPLICATION_NAME = Complication;
				CODE_SIGN_ENTITLEMENTS = "MotionCollectorWatch Extension/MotionCollectorWatch Extension.entitlements";
				CODE_SIGN_STYLE = Automatic;
				DEVELOPMENT_TEAM = F2X9TX4X64;
				INFOPLIST_FILE = "MotionCollectorWatch Extension/Info.plist";
				LD_RUNPATH_SEARCH_PATHS = "$(inherited) @executable_path/Frameworks @executable_path/../../Frameworks";
				PRODUCT_BUNDLE_IDENTIFIER = delexa1.MotionCollector.watchkitapp.watchkitextension;
				PRODUCT_NAME = "${TARGET_NAME}";
				SDKROOT = watchos;
				SKIP_INSTALL = YES;
				SWIFT_VERSION = 4.0;
				TARGETED_DEVICE_FAMILY = 4;
				WATCHOS_DEPLOYMENT_TARGET = 4.3;
			};
			name = Release;
		};
		DCB7BC00203A5688001F1E9F /* Debug */ = {
			isa = XCBuildConfiguration;
			buildSettings = {
				ALWAYS_SEARCH_USER_PATHS = NO;
				CLANG_ANALYZER_NONNULL = YES;
				CLANG_ANALYZER_NUMBER_OBJECT_CONVERSION = YES_AGGRESSIVE;
				CLANG_CXX_LANGUAGE_STANDARD = "gnu++14";
				CLANG_CXX_LIBRARY = "libc++";
				CLANG_ENABLE_MODULES = YES;
				CLANG_ENABLE_OBJC_ARC = YES;
				CLANG_WARN_BLOCK_CAPTURE_AUTORELEASING = YES;
				CLANG_WARN_BOOL_CONVERSION = YES;
				CLANG_WARN_COMMA = YES;
				CLANG_WARN_CONSTANT_CONVERSION = YES;
				CLANG_WARN_DEPRECATED_OBJC_IMPLEMENTATIONS = YES;
				CLANG_WARN_DIRECT_OBJC_ISA_USAGE = YES_ERROR;
				CLANG_WARN_DOCUMENTATION_COMMENTS = YES;
				CLANG_WARN_EMPTY_BODY = YES;
				CLANG_WARN_ENUM_CONVERSION = YES;
				CLANG_WARN_INFINITE_RECURSION = YES;
				CLANG_WARN_INT_CONVERSION = YES;
				CLANG_WARN_NON_LITERAL_NULL_CONVERSION = YES;
				CLANG_WARN_OBJC_IMPLICIT_RETAIN_SELF = YES;
				CLANG_WARN_OBJC_LITERAL_CONVERSION = YES;
				CLANG_WARN_OBJC_ROOT_CLASS = YES_ERROR;
				CLANG_WARN_RANGE_LOOP_ANALYSIS = YES;
				CLANG_WARN_STRICT_PROTOTYPES = YES;
				CLANG_WARN_SUSPICIOUS_MOVE = YES;
				CLANG_WARN_UNGUARDED_AVAILABILITY = YES_AGGRESSIVE;
				CLANG_WARN_UNREACHABLE_CODE = YES;
				CLANG_WARN__DUPLICATE_METHOD_MATCH = YES;
				CODE_SIGN_IDENTITY = "iPhone Developer";
				COPY_PHASE_STRIP = NO;
				DEBUG_INFORMATION_FORMAT = dwarf;
				ENABLE_STRICT_OBJC_MSGSEND = YES;
				ENABLE_TESTABILITY = YES;
				GCC_C_LANGUAGE_STANDARD = gnu11;
				GCC_DYNAMIC_NO_PIC = NO;
				GCC_NO_COMMON_BLOCKS = YES;
				GCC_OPTIMIZATION_LEVEL = 0;
				GCC_PREPROCESSOR_DEFINITIONS = (
					"DEBUG=1",
					"$(inherited)",
				);
				GCC_WARN_64_TO_32_BIT_CONVERSION = YES;
				GCC_WARN_ABOUT_RETURN_TYPE = YES_ERROR;
				GCC_WARN_UNDECLARED_SELECTOR = YES;
				GCC_WARN_UNINITIALIZED_AUTOS = YES_AGGRESSIVE;
				GCC_WARN_UNUSED_FUNCTION = YES;
				GCC_WARN_UNUSED_VARIABLE = YES;
				IPHONEOS_DEPLOYMENT_TARGET = 11.3;
				MTL_ENABLE_DEBUG_INFO = YES;
				ONLY_ACTIVE_ARCH = YES;
				SDKROOT = iphoneos;
				SWIFT_ACTIVE_COMPILATION_CONDITIONS = DEBUG;
				SWIFT_OPTIMIZATION_LEVEL = "-Onone";
			};
			name = Debug;
		};
		DCB7BC01203A5688001F1E9F /* Release */ = {
			isa = XCBuildConfiguration;
			buildSettings = {
				ALWAYS_SEARCH_USER_PATHS = NO;
				CLANG_ANALYZER_NONNULL = YES;
				CLANG_ANALYZER_NUMBER_OBJECT_CONVERSION = YES_AGGRESSIVE;
				CLANG_CXX_LANGUAGE_STANDARD = "gnu++14";
				CLANG_CXX_LIBRARY = "libc++";
				CLANG_ENABLE_MODULES = YES;
				CLANG_ENABLE_OBJC_ARC = YES;
				CLANG_WARN_BLOCK_CAPTURE_AUTORELEASING = YES;
				CLANG_WARN_BOOL_CONVERSION = YES;
				CLANG_WARN_COMMA = YES;
				CLANG_WARN_CONSTANT_CONVERSION = YES;
				CLANG_WARN_DEPRECATED_OBJC_IMPLEMENTATIONS = YES;
				CLANG_WARN_DIRECT_OBJC_ISA_USAGE = YES_ERROR;
				CLANG_WARN_DOCUMENTATION_COMMENTS = YES;
				CLANG_WARN_EMPTY_BODY = YES;
				CLANG_WARN_ENUM_CONVERSION = YES;
				CLANG_WARN_INFINITE_RECURSION = YES;
				CLANG_WARN_INT_CONVERSION = YES;
				CLANG_WARN_NON_LITERAL_NULL_CONVERSION = YES;
				CLANG_WARN_OBJC_IMPLICIT_RETAIN_SELF = YES;
				CLANG_WARN_OBJC_LITERAL_CONVERSION = YES;
				CLANG_WARN_OBJC_ROOT_CLASS = YES_ERROR;
				CLANG_WARN_RANGE_LOOP_ANALYSIS = YES;
				CLANG_WARN_STRICT_PROTOTYPES = YES;
				CLANG_WARN_SUSPICIOUS_MOVE = YES;
				CLANG_WARN_UNGUARDED_AVAILABILITY = YES_AGGRESSIVE;
				CLANG_WARN_UNREACHABLE_CODE = YES;
				CLANG_WARN__DUPLICATE_METHOD_MATCH = YES;
				CODE_SIGN_IDENTITY = "iPhone Developer";
				COPY_PHASE_STRIP = NO;
				DEBUG_INFORMATION_FORMAT = "dwarf-with-dsym";
				ENABLE_NS_ASSERTIONS = NO;
				ENABLE_STRICT_OBJC_MSGSEND = YES;
				GCC_C_LANGUAGE_STANDARD = gnu11;
				GCC_NO_COMMON_BLOCKS = YES;
				GCC_WARN_64_TO_32_BIT_CONVERSION = YES;
				GCC_WARN_ABOUT_RETURN_TYPE = YES_ERROR;
				GCC_WARN_UNDECLARED_SELECTOR = YES;
				GCC_WARN_UNINITIALIZED_AUTOS = YES_AGGRESSIVE;
				GCC_WARN_UNUSED_FUNCTION = YES;
				GCC_WARN_UNUSED_VARIABLE = YES;
				IPHONEOS_DEPLOYMENT_TARGET = 11.3;
				MTL_ENABLE_DEBUG_INFO = NO;
				SDKROOT = iphoneos;
				SWIFT_OPTIMIZATION_LEVEL = "-Owholemodule";
				VALIDATE_PRODUCT = YES;
			};
			name = Release;
		};
		DCB7BC03203A5688001F1E9F /* Debug */ = {
			isa = XCBuildConfiguration;
			buildSettings = {
				ASSETCATALOG_COMPILER_APPICON_NAME = AppIcon;
				CODE_SIGN_ENTITLEMENTS = MotionCollector/MotionCollector.entitlements;
				CODE_SIGN_STYLE = Automatic;
				DEVELOPMENT_TEAM = F2X9TX4X64;
				INFOPLIST_FILE = "$(SRCROOT)/MotionCollector/Sources/Info.plist";
				LD_RUNPATH_SEARCH_PATHS = "$(inherited) @executable_path/Frameworks";
				PRODUCT_BUNDLE_IDENTIFIER = delexa1.MotionCollector;
				PRODUCT_NAME = "$(TARGET_NAME)";
				SWIFT_VERSION = 4.0;
				TARGETED_DEVICE_FAMILY = "1,2";
			};
			name = Debug;
		};
		DCB7BC04203A5688001F1E9F /* Release */ = {
			isa = XCBuildConfiguration;
			buildSettings = {
				ASSETCATALOG_COMPILER_APPICON_NAME = AppIcon;
				CODE_SIGN_ENTITLEMENTS = MotionCollector/MotionCollector.entitlements;
				CODE_SIGN_STYLE = Automatic;
				DEVELOPMENT_TEAM = F2X9TX4X64;
				INFOPLIST_FILE = "$(SRCROOT)/MotionCollector/Sources/Info.plist";
				LD_RUNPATH_SEARCH_PATHS = "$(inherited) @executable_path/Frameworks";
				PRODUCT_BUNDLE_IDENTIFIER = delexa1.MotionCollector;
				PRODUCT_NAME = "$(TARGET_NAME)";
				SWIFT_VERSION = 4.0;
				TARGETED_DEVICE_FAMILY = "1,2";
			};
			name = Release;
		};
/* End XCBuildConfiguration section */

/* Begin XCConfigurationList section */
		DC39DF7E2071FE0200B34F13 /* Build configuration list for PBXNativeTarget "MotionCollectorWatch Extension" */ = {
			isa = XCConfigurationList;
			buildConfigurations = (
				DC39DF7C2071FE0200B34F13 /* Debug */,
				DC39DF7D2071FE0200B34F13 /* Release */,
			);
			defaultConfigurationIsVisible = 0;
			defaultConfigurationName = Release;
		};
		DC39DF802071FE0200B34F13 /* Build configuration list for PBXNativeTarget "MotionCollectorWatch" */ = {
			isa = XCConfigurationList;
			buildConfigurations = (
				DC39DF7A2071FE0200B34F13 /* Debug */,
				DC39DF7B2071FE0200B34F13 /* Release */,
			);
			defaultConfigurationIsVisible = 0;
			defaultConfigurationName = Release;
		};
		DCB7BBE8203A5688001F1E9F /* Build configuration list for PBXProject "MotionCollector" */ = {
			isa = XCConfigurationList;
			buildConfigurations = (
				DCB7BC00203A5688001F1E9F /* Debug */,
				DCB7BC01203A5688001F1E9F /* Release */,
			);
			defaultConfigurationIsVisible = 0;
			defaultConfigurationName = Release;
		};
		DCB7BC02203A5688001F1E9F /* Build configuration list for PBXNativeTarget "MotionCollector" */ = {
			isa = XCConfigurationList;
			buildConfigurations = (
				DCB7BC03203A5688001F1E9F /* Debug */,
				DCB7BC04203A5688001F1E9F /* Release */,
			);
			defaultConfigurationIsVisible = 0;
			defaultConfigurationName = Release;
		};
/* End XCConfigurationList section */

/* Begin XCVersionGroup section */
		DC23343C204386E900232A8A /* DataCollector.xcdatamodeld */ = {
			isa = XCVersionGroup;
			children = (
				DC23343D204386E900232A8A /* DataCollector.xcdatamodel */,
			);
			currentVersion = DC23343D204386E900232A8A /* DataCollector.xcdatamodel */;
			path = DataCollector.xcdatamodeld;
			sourceTree = "<group>";
			versionGroupType = wrapper.xcdatamodel;
		};
/* End XCVersionGroup section */
	};
	rootObject = DCB7BBE5203A5688001F1E9F /* Project object */;
}
